
Microsoft Visual Studio Solution File, Format Version 12.00
# Visual Studio 15
VisualStudioVersion = 15.0.27130.2026
MinimumVisualStudioVersion = 10.0.40219.1
Project("{FAE04EC0-301F-11D3-BF4B-00C04F79EFBC}") = "CheckFSSPRUS", "CheckFSSPRUS\CheckFSSPRUS.csproj", "{740DD6D1-1736-4FC7-800F-FDD6DCC931D0}"
EndProject
Global
	GlobalSection(SolutionConfigurationPlatforms) = preSolution
		Debug|Any CPU = Debug|Any CPU
		Release|Any CPU = Release|Any CPU
	EndGlobalSection
	GlobalSection(ProjectConfigurationPlatforms) = postSolution
		{740DD6D1-1736-4FC7-800F-FDD6DCC931D0}.Debug|Any CPU.ActiveCfg = Debug|Any CPU
		{740DD6D1-1736-4FC7-800F-FDD6DCC931D0}.Debug|Any CPU.Build.0 = Debug|Any CPU
		{740DD6D1-1736-4FC7-800F-FDD6DCC931D0}.Release|Any CPU.ActiveCfg = Release|Any CPU
		{740DD6D1-1736-4FC7-800F-FDD6DCC931D0}.Release|Any CPU.Build.0 = Release|Any CPU
	EndGlobalSection
	GlobalSection(SolutionProperties) = preSolution
		HideSolutionNode = FALSE
	EndGlobalSection
	GlobalSection(ExtensibilityGlobals) = postSolution
		SolutionGuid = {55AABBC7-F3F9-4B12-BF24-AA49A7775627}
	EndGlobalSection
EndGlobal
